
Microsoft Visual Studio Solution File, Format Version 12.00
# Visual Studio Version 16
VisualStudioVersion = 16.0.29418.71
MinimumVisualStudioVersion = 10.0.40219.1
Project("{FAE04EC0-301F-11D3-BF4B-00C04F79EFBC}") = "Warehouse", "Warehouse.csproj", "{D345EEFB-D629-48A0-B969-A011079B2732}"
EndProject
Global
	GlobalSection(SolutionConfigurationPlatforms) = preSolution
		Debug|Any CPU = Debug|Any CPU
		Release|Any CPU = Release|Any CPU
	EndGlobalSection
	GlobalSection(ProjectConfigurationPlatforms) = postSolution
		{D345EEFB-D629-48A0-B969-A011079B2732}.Debug|Any CPU.ActiveCfg = Debug|Any CPU
		{D345EEFB-D629-48A0-B969-A011079B2732}.Debug|Any CPU.Build.0 = Debug|Any CPU
		{D345EEFB-D629-48A0-B969-A011079B2732}.Release|Any CPU.ActiveCfg = Release|Any CPU
		{D345EEFB-D629-48A0-B969-A011079B2732}.Release|Any CPU.Build.0 = Release|Any CPU
	EndGlobalSection
	GlobalSection(SolutionProperties) = preSolution
		HideSolutionNode = FALSE
	EndGlobalSection
	GlobalSection(ExtensibilityGlobals) = postSolution
		SolutionGuid = {9C364F16-2872-451E-A7E7-27CEBA4B9DC4}
	EndGlobalSection
EndGlobal
